
Microsoft Visual Studio Solution File, Format Version 12.00
# Visual Studio Version 16
VisualStudioVersion = 16.0.30503.244
MinimumVisualStudioVersion = 10.0.40219.1
Project("{8BC9CEB8-8B4A-11D0-8D11-00A0C91BC942}") = "BackgroundSubtraction", "BackgroundSubtraction.vcxproj", "{26F0AA66-2A69-4C49-B1E4-CBC720191748}"
EndProject
Global
	GlobalSection(SolutionConfigurationPlatforms) = preSolution
		Debug|x64 = Debug|x64
		Debug|x86 = Debug|x86
		Release|x64 = Release|x64
		Release|x86 = Release|x86
	EndGlobalSection
	GlobalSection(ProjectConfigurationPlatforms) = postSolution
		{26F0AA66-2A69-4C49-B1E4-CBC720191748}.Debug|x64.ActiveCfg = Debug|x64
		{26F0AA66-2A69-4C49-B1E4-CBC720191748}.Debug|x64.Build.0 = Debug|x64
		{26F0AA66-2A69-4C49-B1E4-CBC720191748}.Debug|x86.ActiveCfg = Debug|Win32
		{26F0AA66-2A69-4C49-B1E4-CBC720191748}.Debug|x86.Build.0 = Debug|Win32
		{26F0AA66-2A69-4C49-B1E4-CBC720191748}.Release|x64.ActiveCfg = Release|x64
		{26F0AA66-2A69-4C49-B1E4-CBC720191748}.Release|x64.Build.0 = Release|x64
		{26F0AA66-2A69-4C49-B1E4-CBC720191748}.Release|x86.ActiveCfg = Release|Win32
		{26F0AA66-2A69-4C49-B1E4-CBC720191748}.Release|x86.Build.0 = Release|Win32
	EndGlobalSection
	GlobalSection(SolutionProperties) = preSolution
		HideSolutionNode = FALSE
	EndGlobalSection
	GlobalSection(ExtensibilityGlobals) = postSolution
		SolutionGuid = {2D4713C3-CBBC-4B3F-8E98-13A772C3C1DD}
	EndGlobalSection
EndGlobal
