
Microsoft Visual Studio Solution File, Format Version 12.00
# Visual Studio Version 16
VisualStudioVersion = 16.0.30503.244
MinimumVisualStudioVersion = 10.0.40219.1
Project("{8BC9CEB8-8B4A-11D0-8D11-00A0C91BC942}") = "findContours", "findContours.vcxproj", "{C35C2EBA-90A4-4D05-B167-571335CC2DB6}"
EndProject
Global
	GlobalSection(SolutionConfigurationPlatforms) = preSolution
		Debug|x64 = Debug|x64
		Debug|x86 = Debug|x86
		Release|x64 = Release|x64
		Release|x86 = Release|x86
	EndGlobalSection
	GlobalSection(ProjectConfigurationPlatforms) = postSolution
		{C35C2EBA-90A4-4D05-B167-571335CC2DB6}.Debug|x64.ActiveCfg = Debug|x64
		{C35C2EBA-90A4-4D05-B167-571335CC2DB6}.Debug|x64.Build.0 = Debug|x64
		{C35C2EBA-90A4-4D05-B167-571335CC2DB6}.Debug|x86.ActiveCfg = Debug|Win32
		{C35C2EBA-90A4-4D05-B167-571335CC2DB6}.Debug|x86.Build.0 = Debug|Win32
		{C35C2EBA-90A4-4D05-B167-571335CC2DB6}.Release|x64.ActiveCfg = Release|x64
		{C35C2EBA-90A4-4D05-B167-571335CC2DB6}.Release|x64.Build.0 = Release|x64
		{C35C2EBA-90A4-4D05-B167-571335CC2DB6}.Release|x86.ActiveCfg = Release|Win32
		{C35C2EBA-90A4-4D05-B167-571335CC2DB6}.Release|x86.Build.0 = Release|Win32
	EndGlobalSection
	GlobalSection(SolutionProperties) = preSolution
		HideSolutionNode = FALSE
	EndGlobalSection
	GlobalSection(ExtensibilityGlobals) = postSolution
		SolutionGuid = {C919D005-C56E-4430-8A62-87B5E339474D}
	EndGlobalSection
EndGlobal
